
Microsoft Visual Studio Solution File, Format Version 12.00
# Visual Studio 2012
Project("{FAE04EC0-301F-11D3-BF4B-00C04F79EFBC}") = "Binder", "Binder\Binder.csproj", "{A9663549-D632-4D99-ACCD-5F65408234FF}"
EndProject
Global
	GlobalSection(SolutionConfigurationPlatforms) = preSolution
		Debug|Any CPU = Debug|Any CPU
		Release|Any CPU = Release|Any CPU
	EndGlobalSection
	GlobalSection(ProjectConfigurationPlatforms) = postSolution
		{A9663549-D632-4D99-ACCD-5F65408234FF}.Debug|Any CPU.ActiveCfg = Debug|Any CPU
		{A9663549-D632-4D99-ACCD-5F65408234FF}.Debug|Any CPU.Build.0 = Debug|Any CPU
		{A9663549-D632-4D99-ACCD-5F65408234FF}.Release|Any CPU.ActiveCfg = Release|Any CPU
		{A9663549-D632-4D99-ACCD-5F65408234FF}.Release|Any CPU.Build.0 = Release|Any CPU
	EndGlobalSection
EndGlobal
